
Microsoft Visual Studio Solution File, Format Version 12.00
# Visual Studio Version 16
VisualStudioVersion = 16.0.29424.173
MinimumVisualStudioVersion = 10.0.40219.1
Project("{FAE04EC0-301F-11D3-BF4B-00C04F79EFBC}") = "Problem1", "Problem1\Problem1.csproj", "{AE612EA2-0995-4F8B-AF38-E1D5DBF53C4B}"
EndProject
Project("{FAE04EC0-301F-11D3-BF4B-00C04F79EFBC}") = "Problem2", "Problem2\Problem2.csproj", "{3D0F6BBE-C014-4480-A41C-9D6C5A690895}"
EndProject
Project("{FAE04EC0-301F-11D3-BF4B-00C04F79EFBC}") = "Problem3", "Problem3\Problem3.csproj", "{16C6F31E-16A6-47E4-B157-E0DCB814C996}"
EndProject
Project("{FAE04EC0-301F-11D3-BF4B-00C04F79EFBC}") = "Problem4", "Problem4\Problem4.csproj", "{CBB1ECED-6B67-4009-A312-509C5BECC1DA}"
EndProject
Project("{FAE04EC0-301F-11D3-BF4B-00C04F79EFBC}") = "Problem5", "Problem5\Problem5.csproj", "{AB422D12-8246-4615-B570-E1303687DE17}"
EndProject
Global
	GlobalSection(SolutionConfigurationPlatforms) = preSolution
		Debug|Any CPU = Debug|Any CPU
		Release|Any CPU = Release|Any CPU
	EndGlobalSection
	GlobalSection(ProjectConfigurationPlatforms) = postSolution
		{AE612EA2-0995-4F8B-AF38-E1D5DBF53C4B}.Debug|Any CPU.ActiveCfg = Debug|Any CPU
		{AE612EA2-0995-4F8B-AF38-E1D5DBF53C4B}.Debug|Any CPU.Build.0 = Debug|Any CPU
		{AE612EA2-0995-4F8B-AF38-E1D5DBF53C4B}.Release|Any CPU.ActiveCfg = Release|Any CPU
		{AE612EA2-0995-4F8B-AF38-E1D5DBF53C4B}.Release|Any CPU.Build.0 = Release|Any CPU
		{3D0F6BBE-C014-4480-A41C-9D6C5A690895}.Debug|Any CPU.ActiveCfg = Debug|Any CPU
		{3D0F6BBE-C014-4480-A41C-9D6C5A690895}.Debug|Any CPU.Build.0 = Debug|Any CPU
		{3D0F6BBE-C014-4480-A41C-9D6C5A690895}.Release|Any CPU.ActiveCfg = Release|Any CPU
		{3D0F6BBE-C014-4480-A41C-9D6C5A690895}.Release|Any CPU.Build.0 = Release|Any CPU
		{16C6F31E-16A6-47E4-B157-E0DCB814C996}.Debug|Any CPU.ActiveCfg = Debug|Any CPU
		{16C6F31E-16A6-47E4-B157-E0DCB814C996}.Debug|Any CPU.Build.0 = Debug|Any CPU
		{16C6F31E-16A6-47E4-B157-E0DCB814C996}.Release|Any CPU.ActiveCfg = Release|Any CPU
		{16C6F31E-16A6-47E4-B157-E0DCB814C996}.Release|Any CPU.Build.0 = Release|Any CPU
		{CBB1ECED-6B67-4009-A312-509C5BECC1DA}.Debug|Any CPU.ActiveCfg = Debug|Any CPU
		{CBB1ECED-6B67-4009-A312-509C5BECC1DA}.Debug|Any CPU.Build.0 = Debug|Any CPU
		{CBB1ECED-6B67-4009-A312-509C5BECC1DA}.Release|Any CPU.ActiveCfg = Release|Any CPU
		{CBB1ECED-6B67-4009-A312-509C5BECC1DA}.Release|Any CPU.Build.0 = Release|Any CPU
		{AB422D12-8246-4615-B570-E1303687DE17}.Debug|Any CPU.ActiveCfg = Debug|Any CPU
		{AB422D12-8246-4615-B570-E1303687DE17}.Debug|Any CPU.Build.0 = Debug|Any CPU
		{AB422D12-8246-4615-B570-E1303687DE17}.Release|Any CPU.ActiveCfg = Release|Any CPU
		{AB422D12-8246-4615-B570-E1303687DE17}.Release|Any CPU.Build.0 = Release|Any CPU
	EndGlobalSection
	GlobalSection(SolutionProperties) = preSolution
		HideSolutionNode = FALSE
	EndGlobalSection
	GlobalSection(ExtensibilityGlobals) = postSolution
		SolutionGuid = {60F4C36D-F896-46A4-B1FF-A192711FF3D4}
	EndGlobalSection
EndGlobal
